[[package]]
name = "greenlet"
version = "3.1.1"
description = "Lightweight in-process concurrent programming"
category = "main"
optional = false
python-versions = ">=3.7"

[package.extras]
docs = ["sphinx", "furo"]
test = ["objgraph", "psutil"]

[[package]]
name = "playwright"
version = "1.50.0"
description = "A high-level API to automate web browsers"
category = "main"
optional = false
python-versions = ">=3.9"

[package.dependencies]
greenlet = ">=3.1.1,<4.0.0"
pyee = ">=12,<13"

[[package]]
name = "pyee"
version = "12.1.1"
description = "A rough port of Node.js's EventEmitter to Python with a few tricks of its own"
category = "main"
optional = false
python-versions = ">=3.8"

[package.dependencies]
typing-extensions = "*"

[package.extras]
dev = ["build", "flake8", "flake8-black", "pytest", "black", "isort", "jupyter-console", "mkdocs", "mkdocs-include-markdown-plugin", "mkdocstrings", "sphinx", "toml", "tox", "trio", "twine", "twisted", "validate-pyproject", "trio", "trio-typing", "pytest-asyncio", "pytest-trio"]

[[package]]
name = "typing-extensions"
version = "4.12.2"
description = "Backported and Experimental Type Hints for Python 3.8+"
category = "main"
optional = false
python-versions = ">=3.8"

[metadata]
lock-version = "1.1"
python-versions = "^3.10"
content-hash = "1195ca9aa2f7be9a097bb0a861d19d02b075603aa5b9114e7b535f19ea19220f"

[metadata.files]
greenlet = []
playwright = []
pyee = []
typing-extensions = []
